// !$*UTF8*$!
{
	archiveVersion = 1;
	classes = {
	};
	objectVersion = 46;
	objects = {

/* Begin PBXBuildFile section */
		81AB248219EFBD7700293D26 /* AppDelegate.swift in Sources */ = {isa = PBXBuildFile; fileRef = 81AB248119EFBD7700293D26 /* AppDelegate.swift */; };
		81AB248419EFBD7700293D26 /* ViewController.swift in Sources */ = {isa = PBXBuildFile; fileRef = 81AB248319EFBD7700293D26 /* ViewController.swift */; };
		81AB248719EFBD7700293D26 /* Main.storyboard in Resources */ = {isa = PBXBuildFile; fileRef = 81AB248519EFBD7700293D26 /* Main.storyboard */; };
		81AB248919EFBD7700293D26 /* Images.xcassets in Resources */ = {isa = PBXBuildFile; fileRef = 81AB248819EFBD7700293D26 /* Images.xcassets */; };
		81AB248C19EFBD7700293D26 /* LaunchScreen.xib in Resources */ = {isa = PBXBuildFile; fileRef = 81AB248A19EFBD7700293D26 /* LaunchScreen.xib */; };
		81AB249819EFBD7700293D26 /* SWTOR_HoloNetTests.swift in Sources */ = {isa = PBXBuildFile; fileRef = 81AB249719EFBD7700293D26 /* SWTOR_HoloNetTests.swift */; };
/* End PBXBuildFile section */

/* Begin PBXContainerItemProxy section */
		81AB249219EFBD7700293D26 /* PBXContainerItemProxy */ = {
			isa = PBXContainerItemProxy;
			containerPortal = 81AB247419EFBD7700293D26 /* Project object */;
			proxyType = 1;
			remoteGlobalIDString = 81AB247B19EFBD7700293D26;
			remoteInfo = "SWTOR HoloNet";
		};
/* End PBXContainerItemProxy section */

/* Begin PBXFileReference section */
		81AB247C19EFBD7700293D26 /* SWTOR HoloNet.app */ = {isa = PBXFileReference; explicitFileType = wrapper.application; includeInIndex = 0; path = "SWTOR HoloNet.app"; sourceTree = BUILT_PRODUCTS_DIR; };
		81AB248019EFBD7700293D26 /* Info.plist */ = {isa = PBXFileReference; lastKnownFileType = text.plist.xml; path = Info.plist; sourceTree = "<group>"; };
		81AB248119EFBD7700293D26 /* AppDelegate.swift */ = {isa = PBXFileReference; lastKnownFileType = sourcecode.swift; path = AppDelegate.swift; sourceTree = "<group>"; };
		81AB248319EFBD7700293D26 /* ViewController.swift */ = {isa = PBXFileReference; lastKnownFileType = sourcecode.swift; path = ViewController.swift; sourceTree = "<group>"; };
		81AB248619EFBD7700293D26 /* Base */ = {isa = PBXFileReference; lastKnownFileType = file.storyboard; name = Base; path = Base.lproj/Main.storyboard; sourceTree = "<group>"; };
		81AB248819EFBD7700293D26 /* Images.xcassets */ = {isa = PBXFileReference; lastKnownFileType = folder.assetcatalog; path = Images.xcassets; sourceTree = "<group>"; };
		81AB248B19EFBD7700293D26 /* Base */ = {isa = PBXFileReference; lastKnownFileType = file.xib; name = Base; path = Base.lproj/LaunchScreen.xib; sourceTree = "<group>"; };
		81AB249119EFBD7700293D26 /* SWTOR HoloNetTests.xctest */ = {isa = PBXFileReference; explicitFileType = wrapper.cfbundle; includeInIndex = 0; path = "SWTOR HoloNetTests.xctest"; sourceTree = BUILT_PRODUCTS_DIR; };
		81AB249619EFBD7700293D26 /* Info.plist */ = {isa = PBXFileReference; lastKnownFileType = text.plist.xml; path = Info.plist; sourceTree = "<group>"; };
		81AB249719EFBD7700293D26 /* SWTOR_HoloNetTests.swift */ = {isa = PBXFileReference; lastKnownFileType = sourcecode.swift; path = SWTOR_HoloNetTests.swift; sourceTree = "<group>"; };
/* End PBXFileReference section */

/* Begin PBXFrameworksBuildPhase section */
		81AB247919EFBD7700293D26 /* Frameworks */ = {
			isa = PBXFrameworksBuildPhase;
			buildActionMask = 2147483647;
			files = (
			);
			runOnlyForDeploymentPostprocessing = 0;
		};
		81AB248E19EFBD7700293D26 /* Frameworks */ = {
			isa = PBXFrameworksBuildPhase;
			buildActionMask = 2147483647;
			files = (
			);
			runOnlyForDeploymentPostprocessing = 0;
		};
/* End PBXFrameworksBuildPhase section */

/* Begin PBXGroup section */
		81AB247319EFBD7700293D26 = {
			isa = PBXGroup;
			children = (
				81AB247E19EFBD7700293D26 /* SWTOR HoloNet */,
				81AB249419EFBD7700293D26 /* SWTOR HoloNetTests */,
				81AB247D19EFBD7700293D26 /* Products */,
			);
			sourceTree = "<group>";
		};
		81AB247D19EFBD7700293D26 /* Products */ = {
			isa = PBXGroup;
			children = (
				81AB247C19EFBD7700293D26 /* SWTOR HoloNet.app */,
				81AB249119EFBD7700293D26 /* SWTOR HoloNetTests.xctest */,
			);
			name = Products;
			sourceTree = "<group>";
		};
		81AB247E19EFBD7700293D26 /* SWTOR HoloNet */ = {
			isa = PBXGroup;
			children = (
				81AB248119EFBD7700293D26 /* AppDelegate.swift */,
				81AB248319EFBD7700293D26 /* ViewController.swift */,
				81AB248519EFBD7700293D26 /* Main.storyboard */,
				81AB248819EFBD7700293D26 /* Images.xcassets */,
				81AB248A19EFBD7700293D26 /* LaunchScreen.xib */,
				81AB247F19EFBD7700293D26 /* Supporting Files */,
			);
			path = "SWTOR HoloNet";
			sourceTree = "<group>";
		};
		81AB247F19EFBD7700293D26 /* Supporting Files */ = {
			isa = PBXGroup;
			children = (
				81AB248019EFBD7700293D26 /* Info.plist */,
			);
			name = "Supporting Files";
			sourceTree = "<group>";
		};
		81AB249419EFBD7700293D26 /* SWTOR HoloNetTests */ = {
			isa = PBXGroup;
			children = (
				81AB249719EFBD7700293D26 /* SWTOR_HoloNetTests.swift */,
				81AB249519EFBD7700293D26 /* Supporting Files */,
			);
			path = "SWTOR HoloNetTests";
			sourceTree = "<group>";
		};
		81AB249519EFBD7700293D26 /* Supporting Files */ = {
			isa = PBXGroup;
			children = (
				81AB249619EFBD7700293D26 /* Info.plist */,
			);
			name = "Supporting Files";
			sourceTree = "<group>";
		};
/* End PBXGroup section */

/* Begin PBXNativeTarget section */
		81AB247B19EFBD7700293D26 /* SWTOR HoloNet */ = {
			isa = PBXNativeTarget;
			buildConfigurationList = 81AB249B19EFBD7700293D26 /* Build configuration list for PBXNativeTarget "SWTOR HoloNet" */;
			buildPhases = (
				81AB247819EFBD7700293D26 /* Sources */,
				81AB247919EFBD7700293D26 /* Frameworks */,
				81AB247A19EFBD7700293D26 /* Resources */,
			);
			buildRules = (
			);
			dependencies = (
			);
			name = "SWTOR HoloNet";
			productName = "SWTOR HoloNet";
			productReference = 81AB247C19EFBD7700293D26 /* SWTOR HoloNet.app */;
			productType = "com.apple.product-type.application";
		};
		81AB249019EFBD7700293D26 /* SWTOR HoloNetTests */ = {
			isa = PBXNativeTarget;
			buildConfigurationList = 81AB249E19EFBD7700293D26 /* Build configuration list for PBXNativeTarget "SWTOR HoloNetTests" */;
			buildPhases = (
				81AB248D19EFBD7700293D26 /* Sources */,
				81AB248E19EFBD7700293D26 /* Frameworks */,
				81AB248F19EFBD7700293D26 /* Resources */,
			);
			buildRules = (
			);
			dependencies = (
				81AB249319EFBD7700293D26 /* PBXTargetDependency */,
			);
			name = "SWTOR HoloNetTests";
			productName = "SWTOR HoloNetTests";
			productReference = 81AB249119EFBD7700293D26 /* SWTOR HoloNetTests.xctest */;
			productType = "com.apple.product-type.bundle.unit-test";
		};
/* End PBXNativeTarget section */

/* Begin PBXProject section */
		81AB247419EFBD7700293D26 /* Project object */ = {
			isa = PBXProject;
			attributes = {
				LastUpgradeCheck = 0600;
				ORGANIZATIONNAME = "Ivan Fabijanović";
				TargetAttributes = {
					81AB247B19EFBD7700293D26 = {
						CreatedOnToolsVersion = 6.0.1;
					};
					81AB249019EFBD7700293D26 = {
						CreatedOnToolsVersion = 6.0.1;
						TestTargetID = 81AB247B19EFBD7700293D26;
					};
				};
			};
			buildConfigurationList = 81AB247719EFBD7700293D26 /* Build configuration list for PBXProject "SWTOR HoloNet" */;
			compatibilityVersion = "Xcode 3.2";
			developmentRegion = English;
			hasScannedForEncodings = 0;
			knownRegions = (
				en,
				Base,
			);
			mainGroup = 81AB247319EFBD7700293D26;
			productRefGroup = 81AB247D19EFBD7700293D26 /* Products */;
			projectDirPath = "";
			projectRoot = "";
			targets = (
				81AB247B19EFBD7700293D26 /* SWTOR HoloNet */,
				81AB249019EFBD7700293D26 /* SWTOR HoloNetTests */,
			);
		};
/* End PBXProject section */

/* Begin PBXResourcesBuildPhase section */
		81AB247A19EFBD7700293D26 /* Resources */ = {
			isa = PBXResourcesBuildPhase;
			buildActionMask = 2147483647;
			files = (
				81AB248719EFBD7700293D26 /* Main.storyboard in Resources */,
				81AB248C19EFBD7700293D26 /* LaunchScreen.xib in Resources */,
				81AB248919EFBD7700293D26 /* Images.xcassets in Resources */,
			);
			runOnlyForDeploymentPostprocessing = 0;
		};
		81AB248F19EFBD7700293D26 /* Resources */ = {
			isa = PBXResourcesBuildPhase;
			buildActionMask = 2147483647;
			files = (
			);
			runOnlyForDeploymentPostprocessing = 0;
		};
/* End PBXResourcesBuildPhase section */

/* Begin PBXSourcesBuildPhase section */
		81AB247819EFBD7700293D26 /* Sources */ = {
			isa = PBXSourcesBuildPhase;
			buildActionMask = 2147483647;
			files = (
				81AB248419EFBD7700293D26 /* ViewController.swift in Sources */,
				81AB248219EFBD7700293D26 /* AppDelegate.swift in Sources */,
			);
			runOnlyForDeploymentPostprocessing = 0;
		};
		81AB248D19EFBD7700293D26 /* Sources */ = {
			isa = PBXSourcesBuildPhase;
			buildActionMask = 2147483647;
			files = (
				81AB249819EFBD7700293D26 /* SWTOR_HoloNetTests.swift in Sources */,
			);
			runOnlyForDeploymentPostprocessing = 0;
		};
/* End PBXSourcesBuildPhase section */

/* Begin PBXTargetDependency section */
		81AB249319EFBD7700293D26 /* PBXTargetDependency */ = {
			isa = PBXTargetDependency;
			target = 81AB247B19EFBD7700293D26 /* SWTOR HoloNet */;
			targetProxy = 81AB249219EFBD7700293D26 /* PBXContainerItemProxy */;
		};
/* End PBXTargetDependency section */

/* Begin PBXVariantGroup section */
		81AB248519EFBD7700293D26 /* Main.storyboard */ = {
			isa = PBXVariantGroup;
			children = (
				81AB248619EFBD7700293D26 /* Base */,
			);
			name = Main.storyboard;
			sourceTree = "<group>";
		};
		81AB248A19EFBD7700293D26 /* LaunchScreen.xib */ = {
			isa = PBXVariantGroup;
			children = (
				81AB248B19EFBD7700293D26 /* Base */,
			);
			name = LaunchScreen.xib;
			sourceTree = "<group>";
		};
/* End PBXVariantGroup section */

/* Begin XCBuildConfiguration section */
		81AB249919EFBD7700293D26 /* Debug */ = {
			isa = XCBuildConfiguration;
			buildSettings = {
				ALWAYS_SEARCH_USER_PATHS = NO;
				CLANG_CXX_LANGUAGE_STANDARD = "gnu++0x";
				CLANG_CXX_LIBRARY = "libc++";
				CLANG_ENABLE_MODULES = YES;
				CLANG_ENABLE_OBJC_ARC = YES;
				CLANG_WARN_BOOL_CONVERSION = YES;
				CLANG_WARN_CONSTANT_CONVERSION = YES;
				CLANG_WARN_DIRECT_OBJC_ISA_USAGE = YES_ERROR;
				CLANG_WARN_EMPTY_BODY = YES;
				CLANG_WARN_ENUM_CONVERSION = YES;
				CLANG_WARN_INT_CONVERSION = YES;
				CLANG_WARN_OBJC_ROOT_CLASS = YES_ERROR;
				CLANG_WARN_UNREACHABLE_CODE = YES;
				CLANG_WARN__DUPLICATE_METHOD_MATCH = YES;
				"CODE_SIGN_IDENTITY[sdk=iphoneos*]" = "iPhone Developer";
				COPY_PHASE_STRIP = NO;
				ENABLE_STRICT_OBJC_MSGSEND = YES;
				GCC_C_LANGUAGE_STANDARD = gnu99;
				GCC_DYNAMIC_NO_PIC = NO;
				GCC_OPTIMIZATION_LEVEL = 0;
				GCC_PREPROCESSOR_DEFINITIONS = (
					"DEBUG=1",
					"$(inherited)",
				);
				GCC_SYMBOLS_PRIVATE_EXTERN = NO;
				GCC_WARN_64_TO_32_BIT_CONVERSION = YES;
				GCC_WARN_ABOUT_RETURN_TYPE = YES_ERROR;
				GCC_WARN_UNDECLARED_SELECTOR = YES;
				GCC_WARN_UNINITIALIZED_AUTOS = YES_AGGRESSIVE;
				GCC_WARN_UNUSED_FUNCTION = YES;
				GCC_WARN_UNUSED_VARIABLE = YES;
				IPHONEOS_DEPLOYMENT_TARGET = 7.1;
				MTL_ENABLE_DEBUG_INFO = YES;
				ONLY_ACTIVE_ARCH = YES;
				SDKROOT = iphoneos;
				SWIFT_OPTIMIZATION_LEVEL = "-Onone";
			};
			name = Debug;
		};
		81AB249A19EFBD7700293D26 /* Release */ = {
			isa = XCBuildConfiguration;
			buildSettings = {
				ALWAYS_SEARCH_USER_PATHS = NO;
				CLANG_CXX_LANGUAGE_STANDARD = "gnu++0x";
				CLANG_CXX_LIBRARY = "libc++";
				CLANG_ENABLE_MODULES = YES;
				CLANG_ENABLE_OBJC_ARC = YES;
				CLANG_WARN_BOOL_CONVERSION = YES;
				CLANG_WARN_CONSTANT_CONVERSION = YES;
				CLANG_WARN_DIRECT_OBJC_ISA_USAGE = YES_ERROR;
				CLANG_WARN_EMPTY_BODY = YES;
				CLANG_WARN_ENUM_CONVERSION = YES;
				CLANG_WARN_INT_CONVERSION = YES;
				CLANG_WARN_OBJC_ROOT_CLASS = YES_ERROR;
				CLANG_WARN_UNREACHABLE_CODE = YES;
				CLANG_WARN__DUPLICATE_METHOD_MATCH = YES;
				"CODE_SIGN_IDENTITY[sdk=iphoneos*]" = "iPhone Developer";
				COPY_PHASE_STRIP = YES;
				ENABLE_NS_ASSERTIONS = NO;
				ENABLE_STRICT_OBJC_MSGSEND = YES;
				GCC_C_LANGUAGE_STANDARD = gnu99;
				GCC_WARN_64_TO_32_BIT_CONVERSION = YES;
				GCC_WARN_ABOUT_RETURN_TYPE = YES_ERROR;
				GCC_WARN_UNDECLARED_SELECTOR = YES;
				GCC_WARN_UNINITIALIZED_AUTOS = YES_AGGRESSIVE;
				GCC_WARN_UNUSED_FUNCTION = YES;
				GCC_WARN_UNUSED_VARIABLE = YES;
				IPHONEOS_DEPLOYMENT_TARGET = 7.1;
				MTL_ENABLE_DEBUG_INFO = NO;
				SDKROOT = iphoneos;
				VALIDATE_PRODUCT = YES;
			};
			name = Release;
		};
		81AB249C19EFBD7700293D26 /* Debug */ = {
			isa = XCBuildConfiguration;
			buildSettings = {
				ASSETCATALOG_COMPILER_APPICON_NAME = AppIcon;
				INFOPLIST_FILE = "SWTOR HoloNet/Info.plist";
				IPHONEOS_DEPLOYMENT_TARGET = 7.1;
				LD_RUNPATH_SEARCH_PATHS = "$(inherited) @executable_path/Frameworks";
				PRODUCT_NAME = "$(TARGET_NAME)";
			};
			name = Debug;
		};
		81AB249D19EFBD7700293D26 /* Release */ = {
			isa = XCBuildConfiguration;
			buildSettings = {
				ASSETCATALOG_COMPILER_APPICON_NAME = AppIcon;
				INFOPLIST_FILE = "SWTOR HoloNet/Info.plist";
				IPHONEOS_DEPLOYMENT_TARGET = 7.1;
				LD_RUNPATH_SEARCH_PATHS = "$(inherited) @executable_path/Frameworks";
				PRODUCT_NAME = "$(TARGET_NAME)";
			};
			name = Release;
		};
		81AB249F19EFBD7700293D26 /* Debug */ = {
			isa = XCBuildConfiguration;
			buildSettings = {
				BUNDLE_LOADER = "$(TEST_HOST)";
				FRAMEWORK_SEARCH_PATHS = (
					"$(SDKROOT)/Developer/Library/Frameworks",
					"$(inherited)",
				);
				GCC_PREPROCESSOR_DEFINITIONS = (
					"DEBUG=1",
					"$(inherited)",
				);
				INFOPLIST_FILE = "SWTOR HoloNetTests/Info.plist";
				LD_RUNPATH_SEARCH_PATHS = "$(inherited) @executable_path/Frameworks @loader_path/Frameworks";
				PRODUCT_NAME = "$(TARGET_NAME)";
				TEST_HOST = "$(BUILT_PRODUCTS_DIR)/SWTOR HoloNet.app/SWTOR HoloNet";
			};
			name = Debug;
		};
		81AB24A019EFBD7700293D26 /* Release */ = {
			isa = XCBuildConfiguration;
			buildSettings = {
				BUNDLE_LOADER = "$(TEST_HOST)";
				FRAMEWORK_SEARCH_PATHS = (
					"$(SDKROOT)/Developer/Library/Frameworks",
					"$(inherited)",
				);
				INFOPLIST_FILE = "SWTOR HoloNetTests/Info.plist";
				LD_RUNPATH_SEARCH_PATHS = "$(inherited) @executable_path/Frameworks @loader_path/Frameworks";
				PRODUCT_NAME = "$(TARGET_NAME)";
				TEST_HOST = "$(BUILT_PRODUCTS_DIR)/SWTOR HoloNet.app/SWTOR HoloNet";
			};
			name = Release;
		};
/* End XCBuildConfiguration section */

/* Begin XCConfigurationList section */
		81AB247719EFBD7700293D26 /* Build configuration list for PBXProject "SWTOR HoloNet" */ = {
			isa = XCConfigurationList;
			buildConfigurations = (
				81AB249919EFBD7700293D26 /* Debug */,
				81AB249A19EFBD7700293D26 /* Release */,
			);
			defaultConfigurationIsVisible = 0;
			defaultConfigurationName = Release;
		};
		81AB249B19EFBD7700293D26 /* Build configuration list for PBXNativeTarget "SWTOR HoloNet" */ = {
			isa = XCConfigurationList;
			buildConfigurations = (
				81AB249C19EFBD7700293D26 /* Debug */,
				81AB249D19EFBD7700293D26 /* Release */,
			);
			defaultConfigurationIsVisible = 0;
		};
		81AB249E19EFBD7700293D26 /* Build configuration list for PBXNativeTarget "SWTOR HoloNetTests" */ = {
			isa = XCConfigurationList;
			buildConfigurations = (
				81AB249F19EFBD7700293D26 /* Debug */,
				81AB24A019EFBD7700293D26 /* Release */,
			);
			defaultConfigurationIsVisible = 0;
		};
/* End XCConfigurationList section */
	};
	rootObject = 81AB247419EFBD7700293D26 /* Project object */;
}
